{
  "lockfileVersion": 1,
  "configVersion": 1,
  "workspaces": {
    "": {
      "name": "hukt",
      "devDependencies": {
        "@biomejs/biome": "catalog:",
        "@hukt/tsconfig": "workspace:*",
        "bun-types": "catalog:",
        "turbo": "catalog:",
        "typescript": "catalog:",
      },
    },
    "packages/client": {
      "name": "@hukt/client",
      "version": "1.0.0",
      "dependencies": {
        "@tanstack/pacer": "catalog:",
        "ssh2": "catalog:",
        "zod": "catalog:",
      },
      "devDependencies": {
        "@hukt/tsconfig": "workspace:*",
        "@types/ssh2": "catalog:",
      },
      "peerDependencies": {
        "bun-types": "catalog:",
        "typescript": "catalog:",
      },
    },
    "packages/server": {
      "name": "@hukt/server",
      "version": "1.0.0",
      "dependencies": {
        "@hukt/tools": "workspace:*",
        "@orpc/contract": "catalog:",
        "@orpc/openapi": "catalog:",
        "@orpc/server": "catalog:",
        "@orpc/zod": "catalog:",
        "ssh2": "catalog:",
        "zod": "catalog:",
      },
      "devDependencies": {
        "@hukt/tsconfig": "workspace:*",
        "@types/ssh2": "catalog:",
      },
      "peerDependencies": {
        "bun-types": "catalog:",
        "typescript": "catalog:",
      },
    },
    "packages/tools": {
      "name": "@hukt/tools",
      "version": "1.0.0",
      "devDependencies": {
        "@hukt/tsconfig": "workspace:*",
      },
      "peerDependencies": {
        "bun-types": "catalog:",
        "typescript": "catalog:",
      },
    },
    "packages/tsconfig": {
      "name": "@hukt/tsconfig",
    },
  },
  "trustedDependencies": [
    "@types/ssh2",
    "ssh2",
  ],
  "catalog": {
    "@biomejs/biome": "2.3.11",
    "@orpc/contract": "1.13.2",
    "@orpc/openapi": "1.13.2",
    "@orpc/server": "1.13.2",
    "@orpc/zod": "1.12.2",
    "@tanstack/pacer": "0.17.1",
    "@types/ssh2": "1.15.5",
    "bun-types": "1.3.5",
    "ssh2": "1.17.0",
    "turbo": "2.7.3",
    "typescript": "5.9.3",
    "zod": "4.3.5",
  },
  "packages": {
    "@biomejs/biome": ["@biomejs/biome@2.3.11", "", { "optionalDependencies": { "@biomejs/cli-darwin-arm64": "2.3.11", "@biomejs/cli-darwin-x64": "2.3.11", "@biomejs/cli-linux-arm64": "2.3.11", "@biomejs/cli-linux-arm64-musl": "2.3.11", "@biomejs/cli-linux-x64": "2.3.11", "@biomejs/cli-linux-x64-musl": "2.3.11", "@biomejs/cli-win32-arm64": "2.3.11", "@biomejs/cli-win32-x64": "2.3.11" }, "bin": { "biome": "bin/biome" } }, "sha512-/zt+6qazBWguPG6+eWmiELqO+9jRsMZ/DBU3lfuU2ngtIQYzymocHhKiZRyrbra4aCOoyTg/BmY+6WH5mv9xmQ=="],

    "@biomejs/cli-darwin-arm64": ["@biomejs/cli-darwin-arm64@2.3.11", "", { "os": "darwin", "cpu": "arm64" }, "sha512-/uXXkBcPKVQY7rc9Ys2CrlirBJYbpESEDme7RKiBD6MmqR2w3j0+ZZXRIL2xiaNPsIMMNhP1YnA+jRRxoOAFrA=="],

    "@biomejs/cli-darwin-x64": ["@biomejs/cli-darwin-x64@2.3.11", "", { "os": "darwin", "cpu": "x64" }, "sha512-fh7nnvbweDPm2xEmFjfmq7zSUiox88plgdHF9OIW4i99WnXrAC3o2P3ag9judoUMv8FCSUnlwJCM1B64nO5Fbg=="],

    "@biomejs/cli-linux-arm64": ["@biomejs/cli-linux-arm64@2.3.11", "", { "os": "linux", "cpu": "arm64" }, "sha512-l4xkGa9E7Uc0/05qU2lMYfN1H+fzzkHgaJoy98wO+b/7Gl78srbCRRgwYSW+BTLixTBrM6Ede5NSBwt7rd/i6g=="],

    "@biomejs/cli-linux-arm64-musl": ["@biomejs/cli-linux-arm64-musl@2.3.11", "", { "os": "linux", "cpu": "arm64" }, "sha512-XPSQ+XIPZMLaZ6zveQdwNjbX+QdROEd1zPgMwD47zvHV+tCGB88VH+aynyGxAHdzL+Tm/+DtKST5SECs4iwCLg=="],

    "@biomejs/cli-linux-x64": ["@biomejs/cli-linux-x64@2.3.11", "", { "os": "linux", "cpu": "x64" }, "sha512-/1s9V/H3cSe0r0Mv/Z8JryF5x9ywRxywomqZVLHAoa/uN0eY7F8gEngWKNS5vbbN/BsfpCG5yeBT5ENh50Frxg=="],

    "@biomejs/cli-linux-x64-musl": ["@biomejs/cli-linux-x64-musl@2.3.11", "", { "os": "linux", "cpu": "x64" }, "sha512-vU7a8wLs5C9yJ4CB8a44r12aXYb8yYgBn+WeyzbMjaCMklzCv1oXr8x+VEyWodgJt9bDmhiaW/I0RHbn7rsNmw=="],

    "@biomejs/cli-win32-arm64": ["@biomejs/cli-win32-arm64@2.3.11", "", { "os": "win32", "cpu": "arm64" }, "sha512-PZQ6ElCOnkYapSsysiTy0+fYX+agXPlWugh6+eQ6uPKI3vKAqNp6TnMhoM3oY2NltSB89hz59o8xIfOdyhi9Iw=="],

    "@biomejs/cli-win32-x64": ["@biomejs/cli-win32-x64@2.3.11", "", { "os": "win32", "cpu": "x64" }, "sha512-43VrG813EW+b5+YbDbz31uUsheX+qFKCpXeY9kfdAx+ww3naKxeVkTD9zLIWxUPfJquANMHrmW3wbe/037G0Qg=="],

    "@hukt/client": ["@hukt/client@workspace:packages/client"],

    "@hukt/server": ["@hukt/server@workspace:packages/server"],

    "@hukt/tools": ["@hukt/tools@workspace:packages/tools"],

    "@hukt/tsconfig": ["@hukt/tsconfig@workspace:packages/tsconfig"],

    "@orpc/client": ["@orpc/client@1.13.2", "", { "dependencies": { "@orpc/shared": "1.13.2", "@orpc/standard-server": "1.13.2", "@orpc/standard-server-fetch": "1.13.2", "@orpc/standard-server-peer": "1.13.2" } }, "sha512-xlT72B4EFVCEGPev5edEfN5uqu4fnxZyOoCq9UWUAyj0gNDTCF2Z5mfmA4mdBgwV90k+lIcGLMnUI25baedqpw=="],

    "@orpc/contract": ["@orpc/contract@1.13.2", "", { "dependencies": { "@orpc/client": "1.13.2", "@orpc/shared": "1.13.2", "@standard-schema/spec": "^1.1.0", "openapi-types": "^12.1.3" } }, "sha512-td5ExzLPQ2y2zE9itgqod5gmC3WvCFIlkyJSNFRCRhff04PzokE9/hjqGhW5zsNgKuv4rcPYOrkh0e/YiyFndQ=="],

    "@orpc/interop": ["@orpc/interop@1.13.2", "", {}, "sha512-N6AHeREWsXBm0KPShIwwwuPEwGR+slWgyLchXfQYE0HLEQmf2wSZYhoawgaaETl5EoPc6Z7/LUaTqPCE380CzQ=="],

    "@orpc/json-schema": ["@orpc/json-schema@1.12.2", "", { "dependencies": { "@orpc/contract": "1.12.2", "@orpc/interop": "1.12.2", "@orpc/openapi": "1.12.2", "@orpc/server": "1.12.2", "@orpc/shared": "1.12.2", "json-schema-typed": "^8.0.2" } }, "sha512-b1SFH8d5lSKDPNcgK3fD3OvKKdO4eSjLilWmWUSQxqgfTEBckOIIMTfczDRQEkJIg/IyN++tYSwmjPFEI+dM3w=="],

    "@orpc/openapi": ["@orpc/openapi@1.13.2", "", { "dependencies": { "@orpc/client": "1.13.2", "@orpc/contract": "1.13.2", "@orpc/interop": "1.13.2", "@orpc/openapi-client": "1.13.2", "@orpc/server": "1.13.2", "@orpc/shared": "1.13.2", "@orpc/standard-server": "1.13.2", "json-schema-typed": "^8.0.2", "rou3": "^0.7.12" } }, "sha512-O9p0WIizUTIxoghPWYV18Lc0ke4gkQnoWee6VVoxhj/k4KcLjTHgP9MjXAS3VvNidfKR8K2ptLpo3NZnBXN7ZA=="],

    "@orpc/openapi-client": ["@orpc/openapi-client@1.13.2", "", { "dependencies": { "@orpc/client": "1.13.2", "@orpc/contract": "1.13.2", "@orpc/shared": "1.13.2", "@orpc/standard-server": "1.13.2" } }, "sha512-RLBLG5NB14vixJm+Sawi3hip1QEo7G1b+NZjynEjUqgP7fFww4RLZLFWbrjlst9myYQOKkKCHtOYCSztCG5oXQ=="],

    "@orpc/server": ["@orpc/server@1.13.2", "", { "dependencies": { "@orpc/client": "1.13.2", "@orpc/contract": "1.13.2", "@orpc/interop": "1.13.2", "@orpc/shared": "1.13.2", "@orpc/standard-server": "1.13.2", "@orpc/standard-server-aws-lambda": "1.13.2", "@orpc/standard-server-fastify": "1.13.2", "@orpc/standard-server-fetch": "1.13.2", "@orpc/standard-server-node": "1.13.2", "@orpc/standard-server-peer": "1.13.2", "cookie": "^1.1.1" }, "peerDependencies": { "crossws": ">=0.3.4", "ws": ">=8.18.1" }, "optionalPeers": ["crossws", "ws"] }, "sha512-sHGMT5eQ9eFSfXeRr6F3wkVRm76fUJzDurtCIZe5koStS20e5YZOkg7FH5kZb57c0d/EqvqPAbdHD8WRVl4qLQ=="],

    "@orpc/shared": ["@orpc/shared@1.13.2", "", { "dependencies": { "radash": "^12.1.1", "type-fest": "^5.3.1" }, "peerDependencies": { "@opentelemetry/api": ">=1.9.0" }, "optionalPeers": ["@opentelemetry/api"] }, "sha512-1icIwoMxtXSTwGFJE2u/Hu4XhZQS81bk0hvRcG7jHATATTMLcNAFR+sv3AG56WTH6yF3C1A96VpYzvCYRUseFA=="],

    "@orpc/standard-server": ["@orpc/standard-server@1.13.2", "", { "dependencies": { "@orpc/shared": "1.13.2" } }, "sha512-qjxKOvCg2mYBQMPdjEqQEDI+F/v6qm9zKMeFsfxnWKvPhDrPSEk8x40vdXlLbbpW6TCXpQikpycfdvq5H4Nb+Q=="],

    "@orpc/standard-server-aws-lambda": ["@orpc/standard-server-aws-lambda@1.13.2", "", { "dependencies": { "@orpc/shared": "1.13.2", "@orpc/standard-server": "1.13.2", "@orpc/standard-server-fetch": "1.13.2", "@orpc/standard-server-node": "1.13.2" } }, "sha512-Gkw72+b5eZKjsSJ5zT4vsnEbHww8An1hkkai4jmLvADtujQQMccjhWNTC7MKGBe1/M818plnfbhqmLx+2rU0IA=="],

    "@orpc/standard-server-fastify": ["@orpc/standard-server-fastify@1.13.2", "", { "dependencies": { "@orpc/shared": "1.13.2", "@orpc/standard-server": "1.13.2", "@orpc/standard-server-node": "1.13.2" }, "peerDependencies": { "fastify": ">=5.6.1" }, "optionalPeers": ["fastify"] }, "sha512-N8GHu9GHDm7wQePdTfWxWaJQPGXyjsirHTjJZEBbUDR0R64C8b2JCt+eK1iq9DK3Oc5kYNJUWZQhwlZUCWCClg=="],

    "@orpc/standard-server-fetch": ["@orpc/standard-server-fetch@1.13.2", "", { "dependencies": { "@orpc/shared": "1.13.2", "@orpc/standard-server": "1.13.2" } }, "sha512-JanRDFk78kB8/P5NljV1nx3zcpBsTC9sCAhBcE3ezY1u3Kvt7teRhPxRXcoD0TEBdQjEUeXcqX+zEh4Op2E8nw=="],

    "@orpc/standard-server-node": ["@orpc/standard-server-node@1.13.2", "", { "dependencies": { "@orpc/shared": "1.13.2", "@orpc/standard-server": "1.13.2", "@orpc/standard-server-fetch": "1.13.2" } }, "sha512-asWTGGQEcBKkpz6qEsn0Gfdsj0eZ4zDp/P89jJFuYEREwqsWMrZSiyEQNcCU0Q6UoLai+Wvil575L58i3Adgmg=="],

    "@orpc/standard-server-peer": ["@orpc/standard-server-peer@1.13.2", "", { "dependencies": { "@orpc/shared": "1.13.2", "@orpc/standard-server": "1.13.2" } }, "sha512-LMxaMSmp98jnm0jiHpqPgH5qHXeOvah7pmysrcLaqMfwH+GwRS6S+/ls2hAy9aIba4LrTZyIpTgSohHD/Ed73g=="],

    "@orpc/zod": ["@orpc/zod@1.12.2", "", { "dependencies": { "@orpc/json-schema": "1.12.2", "@orpc/openapi": "1.12.2", "@orpc/shared": "1.12.2", "escape-string-regexp": "^5.0.0", "wildcard-match": "^5.1.3" }, "peerDependencies": { "@orpc/contract": "1.12.2", "@orpc/server": "1.12.2", "zod": ">=3.25.0" } }, "sha512-U2XQyxsONPeSPY0rJ3JHXZhicS5KD5zJADj6p9h98TywO7qH/8a/u8tc8oB3f0qUiILY7crdGQBVw34MkuT44A=="],

    "@standard-schema/spec": ["@standard-schema/spec@1.1.0", "", {}, "sha512-l2aFy5jALhniG5HgqrD6jXLi/rUWrKvqN/qJx6yoJsgKhblVd+iqqU4RCXavm/jPityDo5TCvKMnpjKnOriy0w=="],

    "@tanstack/devtools-event-client": ["@tanstack/devtools-event-client@0.4.0", "", {}, "sha512-RPfGuk2bDZgcu9bAJodvO2lnZeHuz4/71HjZ0bGb/SPg8+lyTA+RLSKQvo7fSmPSi8/vcH3aKQ8EM9ywf1olaw=="],

    "@tanstack/pacer": ["@tanstack/pacer@0.17.1", "", { "dependencies": { "@tanstack/devtools-event-client": "^0.4.0", "@tanstack/store": "^0.8.0" } }, "sha512-52GytGu07L73lNCWB1N02NWBp/tzK2jZ20U8sFInXyiq2KHtHxbXaN1Qw/MR1REqFIKgEy5DOBNZRjuSy5zaRg=="],

    "@tanstack/store": ["@tanstack/store@0.8.0", "", {}, "sha512-Om+BO0YfMZe//X2z0uLF2j+75nQga6TpTJgLJQBiq85aOyZNIhkCgleNcud2KQg4k4v9Y9l+Uhru3qWMPGTOzQ=="],

    "@types/node": ["@types/node@25.0.3", "", { "dependencies": { "undici-types": "~7.16.0" } }, "sha512-W609buLVRVmeW693xKfzHeIV6nJGGz98uCPfeXI1ELMLXVeKYZ9m15fAMSaUPBHYLGFsVRcMmSCksQOrZV9BYA=="],

    "@types/ssh2": ["@types/ssh2@1.15.5", "", { "dependencies": { "@types/node": "^18.11.18" } }, "sha512-N1ASjp/nXH3ovBHddRJpli4ozpk6UdDYIX4RJWFa9L1YKnzdhTlVmiGHm4DZnj/jLbqZpes4aeR30EFGQtvhQQ=="],

    "asn1": ["asn1@0.2.6", "", { "dependencies": { "safer-buffer": "~2.1.0" } }, "sha512-ix/FxPn0MDjeyJ7i/yoHGFt/EX6LyNbxSEhPPXODPL+KB0VPk86UYfL0lMdy+KCnv+fmvIzySwaK5COwqVbWTQ=="],

    "bcrypt-pbkdf": ["bcrypt-pbkdf@1.0.2", "", { "dependencies": { "tweetnacl": "^0.14.3" } }, "sha512-qeFIXtP4MSoi6NLqO12WfqARWWuCKi2Rn/9hJLEmtB5yTNr9DqFWkJRCf2qShWzPeAMRnOgCrq0sg/KLv5ES9w=="],

    "buildcheck": ["buildcheck@0.0.7", "", {}, "sha512-lHblz4ahamxpTmnsk+MNTRWsjYKv965MwOrSJyeD588rR3Jcu7swE+0wN5F+PbL5cjgu/9ObkhfzEPuofEMwLA=="],

    "bun-types": ["bun-types@1.3.5", "", { "dependencies": { "@types/node": "*" } }, "sha512-inmAYe2PFLs0SUbFOWSVD24sg1jFlMPxOjOSSCYqUgn4Hsc3rDc7dFvfVYjFPNHtov6kgUeulV4SxbuIV/stPw=="],

    "cookie": ["cookie@1.1.1", "", {}, "sha512-ei8Aos7ja0weRpFzJnEA9UHJ/7XQmqglbRwnf2ATjcB9Wq874VKH9kfjjirM6UhU2/E5fFYadylyhFldcqSidQ=="],

    "cpu-features": ["cpu-features@0.0.10", "", { "dependencies": { "buildcheck": "~0.0.6", "nan": "^2.19.0" } }, "sha512-9IkYqtX3YHPCzoVg1Py+o9057a3i0fp7S530UWokCSaFVTc7CwXPRiOjRjBQQ18ZCNafx78YfnG+HALxtVmOGA=="],

    "escape-string-regexp": ["escape-string-regexp@5.0.0", "", {}, "sha512-/veY75JbMK4j1yjvuUxuVsiS/hr/4iHs9FTT6cgTexxdE0Ly/glccBAkloH/DofkjRbZU3bnoj38mOmhkZ0lHw=="],

    "json-schema-typed": ["json-schema-typed@8.0.2", "", {}, "sha512-fQhoXdcvc3V28x7C7BMs4P5+kNlgUURe2jmUT1T//oBRMDrqy1QPelJimwZGo7Hg9VPV3EQV5Bnq4hbFy2vetA=="],

    "nan": ["nan@2.24.0", "", {}, "sha512-Vpf9qnVW1RaDkoNKFUvfxqAbtI8ncb8OJlqZ9wwpXzWPEsvsB1nvdUi6oYrHIkQ1Y/tMDnr1h4nczS0VB9Xykg=="],

    "openapi-types": ["openapi-types@12.1.3", "", {}, "sha512-N4YtSYJqghVu4iek2ZUvcN/0aqH1kRDuNqzcycDxhOUpg7GdvLa2F3DgS6yBNhInhv2r/6I0Flkn7CqL8+nIcw=="],

    "radash": ["radash@12.1.1", "", {}, "sha512-h36JMxKRqrAxVD8201FrCpyeNuUY9Y5zZwujr20fFO77tpUtGa6EZzfKw/3WaiBX95fq7+MpsuMLNdSnORAwSA=="],

    "rou3": ["rou3@0.7.12", "", {}, "sha512-iFE4hLDuloSWcD7mjdCDhx2bKcIsYbtOTpfH5MHHLSKMOUyjqQXTeZVa289uuwEGEKFoE/BAPbhaU4B774nceg=="],

    "safer-buffer": ["safer-buffer@2.1.2", "", {}, "sha512-YZo3K82SD7Riyi0E1EQPojLz7kpepnSQI9IyPbHHg1XXXevb5dJI7tpyN2ADxGcQbHG7vcyRHk0cbwqcQriUtg=="],

    "ssh2": ["ssh2@1.17.0", "", { "dependencies": { "asn1": "^0.2.6", "bcrypt-pbkdf": "^1.0.2" }, "optionalDependencies": { "cpu-features": "~0.0.10", "nan": "^2.23.0" } }, "sha512-wPldCk3asibAjQ/kziWQQt1Wh3PgDFpC0XpwclzKcdT1vql6KeYxf5LIt4nlFkUeR8WuphYMKqUA56X4rjbfgQ=="],

    "tagged-tag": ["tagged-tag@1.0.0", "", {}, "sha512-yEFYrVhod+hdNyx7g5Bnkkb0G6si8HJurOoOEgC8B/O0uXLHlaey/65KRv6cuWBNhBgHKAROVpc7QyYqE5gFng=="],

    "turbo": ["turbo@2.7.3", "", { "optionalDependencies": { "turbo-darwin-64": "2.7.3", "turbo-darwin-arm64": "2.7.3", "turbo-linux-64": "2.7.3", "turbo-linux-arm64": "2.7.3", "turbo-windows-64": "2.7.3", "turbo-windows-arm64": "2.7.3" }, "bin": { "turbo": "bin/turbo" } }, "sha512-+HjKlP4OfYk+qzvWNETA3cUO5UuK6b5MSc2UJOKyvBceKucQoQGb2g7HlC2H1GHdkfKrk4YF1VPvROkhVZDDLQ=="],

    "turbo-darwin-64": ["turbo-darwin-64@2.7.3", "", { "os": "darwin", "cpu": "x64" }, "sha512-aZHhvRiRHXbJw1EcEAq4aws1hsVVUZ9DPuSFaq9VVFAKCup7niIEwc22glxb7240yYEr1vLafdQ2U294Vcwz+w=="],

    "turbo-darwin-arm64": ["turbo-darwin-arm64@2.7.3", "", { "os": "darwin", "cpu": "arm64" }, "sha512-CkVrHSq+Bnhl9sX2LQgqQYVfLTWC2gvI74C4758OmU0djfrssDKU9d4YQF0AYXXhIIRZipSXfxClQziIMD+EAg=="],

    "turbo-linux-64": ["turbo-linux-64@2.7.3", "", { "os": "linux", "cpu": "x64" }, "sha512-GqDsCNnzzr89kMaLGpRALyigUklzgxIrSy2pHZVXyifgczvYPnLglex78Aj3T2gu+T3trPPH2iJ+pWucVOCC2Q=="],

    "turbo-linux-arm64": ["turbo-linux-arm64@2.7.3", "", { "os": "linux", "cpu": "arm64" }, "sha512-NdCDTfIcIo3dWjsiaAHlxu5gW61Ed/8maah1IAF/9E3EtX0aAHNiBMbuYLZaR4vRJ7BeVkYB6xKWRtdFLZ0y3g=="],

    "turbo-windows-64": ["turbo-windows-64@2.7.3", "", { "os": "win32", "cpu": "x64" }, "sha512-7bVvO987daXGSJVYBoG8R4Q+csT1pKIgLJYZevXRQ0Hqw0Vv4mKme/TOjYXs9Qb1xMKh51Tb3bXKDbd8/4G08g=="],

    "turbo-windows-arm64": ["turbo-windows-arm64@2.7.3", "", { "os": "win32", "cpu": "arm64" }, "sha512-nTodweTbPmkvwMu/a55XvjMsPtuyUSC+sV7f/SR57K36rB2I0YG21qNETN+00LOTUW9B3omd8XkiXJkt4kx/cw=="],

    "tweetnacl": ["tweetnacl@0.14.5", "", {}, "sha512-KXXFFdAbFXY4geFIwoyNK+f5Z1b7swfXABfL7HXCmoIWMKU3dmS26672A4EeQtDzLKy7SXmfBu51JolvEKwtGA=="],

    "type-fest": ["type-fest@5.3.1", "", { "dependencies": { "tagged-tag": "^1.0.0" } }, "sha512-VCn+LMHbd4t6sF3wfU/+HKT63C9OoyrSIf4b+vtWHpt2U7/4InZG467YDNMFMR70DdHjAdpPWmw2lzRdg0Xqqg=="],

    "typescript": ["typescript@5.9.3", "", { "bin": { "tsc": "bin/tsc", "tsserver": "bin/tsserver" } }, "sha512-jl1vZzPDinLr9eUt3J/t7V6FgNEw9QjvBPdysz9KfQDD41fQrC2Y4vKQdiaUpFT4bXlb1RHhLpp8wtm6M5TgSw=="],

    "undici-types": ["undici-types@7.16.0", "", {}, "sha512-Zz+aZWSj8LE6zoxD+xrjh4VfkIG8Ya6LvYkZqtUQGJPZjYl53ypCaUwWqo7eI0x66KBGeRo+mlBEkMSeSZ38Nw=="],

    "wildcard-match": ["wildcard-match@5.1.4", "", {}, "sha512-wldeCaczs8XXq7hj+5d/F38JE2r7EXgb6WQDM84RVwxy81T/sxB5e9+uZLK9Q9oNz1mlvjut+QtvgaOQFPVq/g=="],

    "zod": ["zod@4.3.5", "", {}, "sha512-k7Nwx6vuWx1IJ9Bjuf4Zt1PEllcwe7cls3VNzm4CQ1/hgtFUK2bRNG3rvnpPUhFjmqJKAKtjV576KnUkHocg/g=="],

    "@orpc/json-schema/@orpc/contract": ["@orpc/contract@1.12.2", "", { "dependencies": { "@orpc/client": "1.12.2", "@orpc/shared": "1.12.2", "@standard-schema/spec": "^1.0.0", "openapi-types": "^12.1.3" } }, "sha512-eleSbF7WgfkWz+7jl1b9t3C3DWn127694+yEdR3j6EiBjb9mzHMIeOMRTXsclIP4gWj13wD1NtXp1Qlv8m7oZw=="],

    "@orpc/json-schema/@orpc/interop": ["@orpc/interop@1.12.2", "", {}, "sha512-whHawJ8XZBzxngqOZKRzkI6HaFZcFSdbaK0//LmqOdSKXBeuveHF+kprCcpr8C6rH2N5i9nKMdnt0RetjPvxCg=="],

    "@orpc/json-schema/@orpc/openapi": ["@orpc/openapi@1.12.2", "", { "dependencies": { "@orpc/client": "1.12.2", "@orpc/contract": "1.12.2", "@orpc/interop": "1.12.2", "@orpc/openapi-client": "1.12.2", "@orpc/server": "1.12.2", "@orpc/shared": "1.12.2", "@orpc/standard-server": "1.12.2", "json-schema-typed": "^8.0.2", "rou3": "^0.7.10" } }, "sha512-21aB1uxNvzxnWBI/Y9pbhGL9i/w/kF62Zxiindopcy6PO+jjNhmHRCvJte70Rb+8rieoRMqn7m1d6yMC2B6NtQ=="],

    "@orpc/json-schema/@orpc/server": ["@orpc/server@1.12.2", "", { "dependencies": { "@orpc/client": "1.12.2", "@orpc/contract": "1.12.2", "@orpc/interop": "1.12.2", "@orpc/shared": "1.12.2", "@orpc/standard-server": "1.12.2", "@orpc/standard-server-aws-lambda": "1.12.2", "@orpc/standard-server-fastify": "1.12.2", "@orpc/standard-server-fetch": "1.12.2", "@orpc/standard-server-node": "1.12.2", "@orpc/standard-server-peer": "1.12.2", "cookie": "^1.0.2" }, "peerDependencies": { "crossws": ">=0.3.4", "ws": ">=8.18.1" }, "optionalPeers": ["crossws", "ws"] }, "sha512-lgT3VR+yXsCcgzbZ2d1fXtqaf1RbgUJHMDWQ4J22LBYH1P8pi0Nk+EYi9/w3YNFIr1WuUmVu4Pm6Dg6l92oiQA=="],

    "@orpc/json-schema/@orpc/shared": ["@orpc/shared@1.12.2", "", { "dependencies": { "radash": "^12.1.1", "type-fest": "^5.2.0" }, "peerDependencies": { "@opentelemetry/api": ">=1.9.0" }, "optionalPeers": ["@opentelemetry/api"] }, "sha512-aITtDnmkofoG/GY6897AOPLnFMkLpQpM7ljzaqsG8QMbL6oovO427G/9Tr9Y3DDSyrsxA7FQ8+rwV03ZDG7gfQ=="],

    "@orpc/zod/@orpc/contract": ["@orpc/contract@1.12.2", "", { "dependencies": { "@orpc/client": "1.12.2", "@orpc/shared": "1.12.2", "@standard-schema/spec": "^1.0.0", "openapi-types": "^12.1.3" } }, "sha512-eleSbF7WgfkWz+7jl1b9t3C3DWn127694+yEdR3j6EiBjb9mzHMIeOMRTXsclIP4gWj13wD1NtXp1Qlv8m7oZw=="],

    "@orpc/zod/@orpc/openapi": ["@orpc/openapi@1.12.2", "", { "dependencies": { "@orpc/client": "1.12.2", "@orpc/contract": "1.12.2", "@orpc/interop": "1.12.2", "@orpc/openapi-client": "1.12.2", "@orpc/server": "1.12.2", "@orpc/shared": "1.12.2", "@orpc/standard-server": "1.12.2", "json-schema-typed": "^8.0.2", "rou3": "^0.7.10" } }, "sha512-21aB1uxNvzxnWBI/Y9pbhGL9i/w/kF62Zxiindopcy6PO+jjNhmHRCvJte70Rb+8rieoRMqn7m1d6yMC2B6NtQ=="],

    "@orpc/zod/@orpc/server": ["@orpc/server@1.12.2", "", { "dependencies": { "@orpc/client": "1.12.2", "@orpc/contract": "1.12.2", "@orpc/interop": "1.12.2", "@orpc/shared": "1.12.2", "@orpc/standard-server": "1.12.2", "@orpc/standard-server-aws-lambda": "1.12.2", "@orpc/standard-server-fastify": "1.12.2", "@orpc/standard-server-fetch": "1.12.2", "@orpc/standard-server-node": "1.12.2", "@orpc/standard-server-peer": "1.12.2", "cookie": "^1.0.2" }, "peerDependencies": { "crossws": ">=0.3.4", "ws": ">=8.18.1" }, "optionalPeers": ["crossws", "ws"] }, "sha512-lgT3VR+yXsCcgzbZ2d1fXtqaf1RbgUJHMDWQ4J22LBYH1P8pi0Nk+EYi9/w3YNFIr1WuUmVu4Pm6Dg6l92oiQA=="],

    "@orpc/zod/@orpc/shared": ["@orpc/shared@1.12.2", "", { "dependencies": { "radash": "^12.1.1", "type-fest": "^5.2.0" }, "peerDependencies": { "@opentelemetry/api": ">=1.9.0" }, "optionalPeers": ["@opentelemetry/api"] }, "sha512-aITtDnmkofoG/GY6897AOPLnFMkLpQpM7ljzaqsG8QMbL6oovO427G/9Tr9Y3DDSyrsxA7FQ8+rwV03ZDG7gfQ=="],

    "@types/ssh2/@types/node": ["@types/node@18.19.130", "", { "dependencies": { "undici-types": "~5.26.4" } }, "sha512-GRaXQx6jGfL8sKfaIDD6OupbIHBr9jv7Jnaml9tB7l4v068PAOXqfcujMMo5PhbIs6ggR1XODELqahT2R8v0fg=="],

    "@orpc/json-schema/@orpc/contract/@orpc/client": ["@orpc/client@1.12.2", "", { "dependencies": { "@orpc/shared": "1.12.2", "@orpc/standard-server": "1.12.2", "@orpc/standard-server-fetch": "1.12.2", "@orpc/standard-server-peer": "1.12.2" } }, "sha512-3MTFnWRYYjcyzhtcYpodvkaYQlqsxKd5xGv+7PPJSpjCgFg9wcp7mZmRKy7hK0sCwUlkyi7AKs1Q19aUVUFIGA=="],

    "@orpc/json-schema/@orpc/openapi/@orpc/client": ["@orpc/client@1.12.2", "", { "dependencies": { "@orpc/shared": "1.12.2", "@orpc/standard-server": "1.12.2", "@orpc/standard-server-fetch": "1.12.2", "@orpc/standard-server-peer": "1.12.2" } }, "sha512-3MTFnWRYYjcyzhtcYpodvkaYQlqsxKd5xGv+7PPJSpjCgFg9wcp7mZmRKy7hK0sCwUlkyi7AKs1Q19aUVUFIGA=="],

    "@orpc/json-schema/@orpc/openapi/@orpc/openapi-client": ["@orpc/openapi-client@1.12.2", "", { "dependencies": { "@orpc/client": "1.12.2", "@orpc/contract": "1.12.2", "@orpc/shared": "1.12.2", "@orpc/standard-server": "1.12.2" } }, "sha512-Ci0TT4eSjRAMmBEwF9RBYrVWGEa/OALp6dKjM28FErqEqxQ5hdI5HMnNmFqGl5neIt05qtYEZRqhVv3jagOIcg=="],

    "@orpc/json-schema/@orpc/openapi/@orpc/standard-server": ["@orpc/standard-server@1.12.2", "", { "dependencies": { "@orpc/shared": "1.12.2" } }, "sha512-8ZNhL3CRJmoJ7uFjOZB4U7NVGdcbGIOKLRTP0i/yhi51QL5Lw+56f/hNqztrCPVZolhJWif86HjyQhuixizrVg=="],

    "@orpc/json-schema/@orpc/server/@orpc/client": ["@orpc/client@1.12.2", "", { "dependencies": { "@orpc/shared": "1.12.2", "@orpc/standard-server": "1.12.2", "@orpc/standard-server-fetch": "1.12.2", "@orpc/standard-server-peer": "1.12.2" } }, "sha512-3MTFnWRYYjcyzhtcYpodvkaYQlqsxKd5xGv+7PPJSpjCgFg9wcp7mZmRKy7hK0sCwUlkyi7AKs1Q19aUVUFIGA=="],

    "@orpc/json-schema/@orpc/server/@orpc/standard-server": ["@orpc/standard-server@1.12.2", "", { "dependencies": { "@orpc/shared": "1.12.2" } }, "sha512-8ZNhL3CRJmoJ7uFjOZB4U7NVGdcbGIOKLRTP0i/yhi51QL5Lw+56f/hNqztrCPVZolhJWif86HjyQhuixizrVg=="],

    "@orpc/json-schema/@orpc/server/@orpc/standard-server-aws-lambda": ["@orpc/standard-server-aws-lambda@1.12.2", "", { "dependencies": { "@orpc/shared": "1.12.2", "@orpc/standard-server": "1.12.2", "@orpc/standard-server-fetch": "1.12.2", "@orpc/standard-server-node": "1.12.2" } }, "sha512-2gpM0ipl3YvE6/bJKTE6Oga4EROo2zuRiOzwY21F/3q38xyQ344Lk1smHzUv20lYZEIBDWP0FRR0OPhBQYLwNQ=="],

    "@orpc/json-schema/@orpc/server/@orpc/standard-server-fastify": ["@orpc/standard-server-fastify@1.12.2", "", { "dependencies": { "@orpc/shared": "1.12.2", "@orpc/standard-server": "1.12.2", "@orpc/standard-server-node": "1.12.2" }, "peerDependencies": { "fastify": ">=5.6.1" }, "optionalPeers": ["fastify"] }, "sha512-O1IsvytsK1j6cbuztreE5sJHL3OyvDMn1lSWKO16YoLBK47W8XRHCVBKDDV+1gk4f4Q74bSJOvNGQh1OUcNbkg=="],

    "@orpc/json-schema/@orpc/server/@orpc/standard-server-fetch": ["@orpc/standard-server-fetch@1.12.2", "", { "dependencies": { "@orpc/shared": "1.12.2", "@orpc/standard-server": "1.12.2" } }, "sha512-gjqZgD8uiW3dVaf+bo9Gj0GXTQ4B/vXkaHPmat+11AE+34UsOZJqZJzEuUi+P4qkmNOm6ZXAsb8roz6H3izPrg=="],

    "@orpc/json-schema/@orpc/server/@orpc/standard-server-node": ["@orpc/standard-server-node@1.12.2", "", { "dependencies": { "@orpc/shared": "1.12.2", "@orpc/standard-server": "1.12.2", "@orpc/standard-server-fetch": "1.12.2" } }, "sha512-st9yjw3i+xFJu8YHeKcCBchMkRKyobBNqstR8yUelrLE/+rC0qKX+AwrmP6xq6gP6BQqFk+RSfIManaIruKuuQ=="],

    "@orpc/json-schema/@orpc/server/@orpc/standard-server-peer": ["@orpc/standard-server-peer@1.12.2", "", { "dependencies": { "@orpc/shared": "1.12.2", "@orpc/standard-server": "1.12.2" } }, "sha512-O51FDFAHgK5uG5EhIG5PYWrkpnwBSVIKih2yYtNzLVYsU3y8EkE07UHRWixJFjUDJ7YeGy16ud3M8oNqt2bE4g=="],

    "@orpc/zod/@orpc/contract/@orpc/client": ["@orpc/client@1.12.2", "", { "dependencies": { "@orpc/shared": "1.12.2", "@orpc/standard-server": "1.12.2", "@orpc/standard-server-fetch": "1.12.2", "@orpc/standard-server-peer": "1.12.2" } }, "sha512-3MTFnWRYYjcyzhtcYpodvkaYQlqsxKd5xGv+7PPJSpjCgFg9wcp7mZmRKy7hK0sCwUlkyi7AKs1Q19aUVUFIGA=="],

    "@orpc/zod/@orpc/openapi/@orpc/client": ["@orpc/client@1.12.2", "", { "dependencies": { "@orpc/shared": "1.12.2", "@orpc/standard-server": "1.12.2", "@orpc/standard-server-fetch": "1.12.2", "@orpc/standard-server-peer": "1.12.2" } }, "sha512-3MTFnWRYYjcyzhtcYpodvkaYQlqsxKd5xGv+7PPJSpjCgFg9wcp7mZmRKy7hK0sCwUlkyi7AKs1Q19aUVUFIGA=="],

    "@orpc/zod/@orpc/openapi/@orpc/interop": ["@orpc/interop@1.12.2", "", {}, "sha512-whHawJ8XZBzxngqOZKRzkI6HaFZcFSdbaK0//LmqOdSKXBeuveHF+kprCcpr8C6rH2N5i9nKMdnt0RetjPvxCg=="],

    "@orpc/zod/@orpc/openapi/@orpc/openapi-client": ["@orpc/openapi-client@1.12.2", "", { "dependencies": { "@orpc/client": "1.12.2", "@orpc/contract": "1.12.2", "@orpc/shared": "1.12.2", "@orpc/standard-server": "1.12.2" } }, "sha512-Ci0TT4eSjRAMmBEwF9RBYrVWGEa/OALp6dKjM28FErqEqxQ5hdI5HMnNmFqGl5neIt05qtYEZRqhVv3jagOIcg=="],

    "@orpc/zod/@orpc/openapi/@orpc/standard-server": ["@orpc/standard-server@1.12.2", "", { "dependencies": { "@orpc/shared": "1.12.2" } }, "sha512-8ZNhL3CRJmoJ7uFjOZB4U7NVGdcbGIOKLRTP0i/yhi51QL5Lw+56f/hNqztrCPVZolhJWif86HjyQhuixizrVg=="],

    "@orpc/zod/@orpc/server/@orpc/client": ["@orpc/client@1.12.2", "", { "dependencies": { "@orpc/shared": "1.12.2", "@orpc/standard-server": "1.12.2", "@orpc/standard-server-fetch": "1.12.2", "@orpc/standard-server-peer": "1.12.2" } }, "sha512-3MTFnWRYYjcyzhtcYpodvkaYQlqsxKd5xGv+7PPJSpjCgFg9wcp7mZmRKy7hK0sCwUlkyi7AKs1Q19aUVUFIGA=="],

    "@orpc/zod/@orpc/server/@orpc/interop": ["@orpc/interop@1.12.2", "", {}, "sha512-whHawJ8XZBzxngqOZKRzkI6HaFZcFSdbaK0//LmqOdSKXBeuveHF+kprCcpr8C6rH2N5i9nKMdnt0RetjPvxCg=="],

    "@orpc/zod/@orpc/server/@orpc/standard-server": ["@orpc/standard-server@1.12.2", "", { "dependencies": { "@orpc/shared": "1.12.2" } }, "sha512-8ZNhL3CRJmoJ7uFjOZB4U7NVGdcbGIOKLRTP0i/yhi51QL5Lw+56f/hNqztrCPVZolhJWif86HjyQhuixizrVg=="],

    "@orpc/zod/@orpc/server/@orpc/standard-server-aws-lambda": ["@orpc/standard-server-aws-lambda@1.12.2", "", { "dependencies": { "@orpc/shared": "1.12.2", "@orpc/standard-server": "1.12.2", "@orpc/standard-server-fetch": "1.12.2", "@orpc/standard-server-node": "1.12.2" } }, "sha512-2gpM0ipl3YvE6/bJKTE6Oga4EROo2zuRiOzwY21F/3q38xyQ344Lk1smHzUv20lYZEIBDWP0FRR0OPhBQYLwNQ=="],

    "@orpc/zod/@orpc/server/@orpc/standard-server-fastify": ["@orpc/standard-server-fastify@1.12.2", "", { "dependencies": { "@orpc/shared": "1.12.2", "@orpc/standard-server": "1.12.2", "@orpc/standard-server-node": "1.12.2" }, "peerDependencies": { "fastify": ">=5.6.1" }, "optionalPeers": ["fastify"] }, "sha512-O1IsvytsK1j6cbuztreE5sJHL3OyvDMn1lSWKO16YoLBK47W8XRHCVBKDDV+1gk4f4Q74bSJOvNGQh1OUcNbkg=="],

    "@orpc/zod/@orpc/server/@orpc/standard-server-fetch": ["@orpc/standard-server-fetch@1.12.2", "", { "dependencies": { "@orpc/shared": "1.12.2", "@orpc/standard-server": "1.12.2" } }, "sha512-gjqZgD8uiW3dVaf+bo9Gj0GXTQ4B/vXkaHPmat+11AE+34UsOZJqZJzEuUi+P4qkmNOm6ZXAsb8roz6H3izPrg=="],

    "@orpc/zod/@orpc/server/@orpc/standard-server-node": ["@orpc/standard-server-node@1.12.2", "", { "dependencies": { "@orpc/shared": "1.12.2", "@orpc/standard-server": "1.12.2", "@orpc/standard-server-fetch": "1.12.2" } }, "sha512-st9yjw3i+xFJu8YHeKcCBchMkRKyobBNqstR8yUelrLE/+rC0qKX+AwrmP6xq6gP6BQqFk+RSfIManaIruKuuQ=="],

    "@orpc/zod/@orpc/server/@orpc/standard-server-peer": ["@orpc/standard-server-peer@1.12.2", "", { "dependencies": { "@orpc/shared": "1.12.2", "@orpc/standard-server": "1.12.2" } }, "sha512-O51FDFAHgK5uG5EhIG5PYWrkpnwBSVIKih2yYtNzLVYsU3y8EkE07UHRWixJFjUDJ7YeGy16ud3M8oNqt2bE4g=="],

    "@types/ssh2/@types/node/undici-types": ["undici-types@5.26.5", "", {}, "sha512-JlCMO+ehdEIKqlFxk6IfVoAUVmgz7cU7zD/h9XZ0qzeosSHmUJVOzSQvvYSYWXkFXC+IfLKSIffhv0sVZup6pA=="],

    "@orpc/json-schema/@orpc/contract/@orpc/client/@orpc/standard-server": ["@orpc/standard-server@1.12.2", "", { "dependencies": { "@orpc/shared": "1.12.2" } }, "sha512-8ZNhL3CRJmoJ7uFjOZB4U7NVGdcbGIOKLRTP0i/yhi51QL5Lw+56f/hNqztrCPVZolhJWif86HjyQhuixizrVg=="],

    "@orpc/json-schema/@orpc/contract/@orpc/client/@orpc/standard-server-fetch": ["@orpc/standard-server-fetch@1.12.2", "", { "dependencies": { "@orpc/shared": "1.12.2", "@orpc/standard-server": "1.12.2" } }, "sha512-gjqZgD8uiW3dVaf+bo9Gj0GXTQ4B/vXkaHPmat+11AE+34UsOZJqZJzEuUi+P4qkmNOm6ZXAsb8roz6H3izPrg=="],

    "@orpc/json-schema/@orpc/contract/@orpc/client/@orpc/standard-server-peer": ["@orpc/standard-server-peer@1.12.2", "", { "dependencies": { "@orpc/shared": "1.12.2", "@orpc/standard-server": "1.12.2" } }, "sha512-O51FDFAHgK5uG5EhIG5PYWrkpnwBSVIKih2yYtNzLVYsU3y8EkE07UHRWixJFjUDJ7YeGy16ud3M8oNqt2bE4g=="],

    "@orpc/json-schema/@orpc/openapi/@orpc/client/@orpc/standard-server-fetch": ["@orpc/standard-server-fetch@1.12.2", "", { "dependencies": { "@orpc/shared": "1.12.2", "@orpc/standard-server": "1.12.2" } }, "sha512-gjqZgD8uiW3dVaf+bo9Gj0GXTQ4B/vXkaHPmat+11AE+34UsOZJqZJzEuUi+P4qkmNOm6ZXAsb8roz6H3izPrg=="],

    "@orpc/json-schema/@orpc/openapi/@orpc/client/@orpc/standard-server-peer": ["@orpc/standard-server-peer@1.12.2", "", { "dependencies": { "@orpc/shared": "1.12.2", "@orpc/standard-server": "1.12.2" } }, "sha512-O51FDFAHgK5uG5EhIG5PYWrkpnwBSVIKih2yYtNzLVYsU3y8EkE07UHRWixJFjUDJ7YeGy16ud3M8oNqt2bE4g=="],

    "@orpc/zod/@orpc/contract/@orpc/client/@orpc/standard-server": ["@orpc/standard-server@1.12.2", "", { "dependencies": { "@orpc/shared": "1.12.2" } }, "sha512-8ZNhL3CRJmoJ7uFjOZB4U7NVGdcbGIOKLRTP0i/yhi51QL5Lw+56f/hNqztrCPVZolhJWif86HjyQhuixizrVg=="],

    "@orpc/zod/@orpc/contract/@orpc/client/@orpc/standard-server-fetch": ["@orpc/standard-server-fetch@1.12.2", "", { "dependencies": { "@orpc/shared": "1.12.2", "@orpc/standard-server": "1.12.2" } }, "sha512-gjqZgD8uiW3dVaf+bo9Gj0GXTQ4B/vXkaHPmat+11AE+34UsOZJqZJzEuUi+P4qkmNOm6ZXAsb8roz6H3izPrg=="],

    "@orpc/zod/@orpc/contract/@orpc/client/@orpc/standard-server-peer": ["@orpc/standard-server-peer@1.12.2", "", { "dependencies": { "@orpc/shared": "1.12.2", "@orpc/standard-server": "1.12.2" } }, "sha512-O51FDFAHgK5uG5EhIG5PYWrkpnwBSVIKih2yYtNzLVYsU3y8EkE07UHRWixJFjUDJ7YeGy16ud3M8oNqt2bE4g=="],

    "@orpc/zod/@orpc/openapi/@orpc/client/@orpc/standard-server-fetch": ["@orpc/standard-server-fetch@1.12.2", "", { "dependencies": { "@orpc/shared": "1.12.2", "@orpc/standard-server": "1.12.2" } }, "sha512-gjqZgD8uiW3dVaf+bo9Gj0GXTQ4B/vXkaHPmat+11AE+34UsOZJqZJzEuUi+P4qkmNOm6ZXAsb8roz6H3izPrg=="],

    "@orpc/zod/@orpc/openapi/@orpc/client/@orpc/standard-server-peer": ["@orpc/standard-server-peer@1.12.2", "", { "dependencies": { "@orpc/shared": "1.12.2", "@orpc/standard-server": "1.12.2" } }, "sha512-O51FDFAHgK5uG5EhIG5PYWrkpnwBSVIKih2yYtNzLVYsU3y8EkE07UHRWixJFjUDJ7YeGy16ud3M8oNqt2bE4g=="],
  }
}
